
Microsoft Visual Studio Solution File, Format Version 12.00
Project("{FAE04EC0-301F-11D3-BF4B-00C04F79EFBC}") = "MyQueue", "MyQueue\MyQueue.csproj", "{11BC8184-0B33-484F-B0ED-33F1A2C0713F}"
EndProject
Project("{FAE04EC0-301F-11D3-BF4B-00C04F79EFBC}") = "MyQueueTest", "MyQueueTest\MyQueueTest.csproj", "{BE182127-995F-4FE4-9DC7-70299C3DF320}"
EndProject
Global
	GlobalSection(SolutionConfigurationPlatforms) = preSolution
		Debug|Any CPU = Debug|Any CPU
		Release|Any CPU = Release|Any CPU
	EndGlobalSection
	GlobalSection(ProjectConfigurationPlatforms) = postSolution
		{11BC8184-0B33-484F-B0ED-33F1A2C0713F}.Debug|Any CPU.ActiveCfg = Debug|Any CPU
		{11BC8184-0B33-484F-B0ED-33F1A2C0713F}.Debug|Any CPU.Build.0 = Debug|Any CPU
		{11BC8184-0B33-484F-B0ED-33F1A2C0713F}.Release|Any CPU.ActiveCfg = Release|Any CPU
		{11BC8184-0B33-484F-B0ED-33F1A2C0713F}.Release|Any CPU.Build.0 = Release|Any CPU
		{BE182127-995F-4FE4-9DC7-70299C3DF320}.Debug|Any CPU.ActiveCfg = Debug|Any CPU
		{BE182127-995F-4FE4-9DC7-70299C3DF320}.Debug|Any CPU.Build.0 = Debug|Any CPU
		{BE182127-995F-4FE4-9DC7-70299C3DF320}.Release|Any CPU.ActiveCfg = Release|Any CPU
		{BE182127-995F-4FE4-9DC7-70299C3DF320}.Release|Any CPU.Build.0 = Release|Any CPU
	EndGlobalSection
EndGlobal
